
Microsoft Visual Studio Solution File, Format Version 12.00
# Visual Studio Version 17
VisualStudioVersion = 17.6.33829.357
MinimumVisualStudioVersion = 10.0.40219.1
Project("{FAE04EC0-301F-11D3-BF4B-00C04F79EFBC}") = "mental-health-assist-platform", "mental-health-assist-platform\mental-health-assist-platform.csproj", "{FC6F24EB-30C0-412C-A4CB-4F068CE668C8}"
EndProject
Global
	GlobalSection(SolutionConfigurationPlatforms) = preSolution
		Debug|Any CPU = Debug|Any CPU
		Release|Any CPU = Release|Any CPU
	EndGlobalSection
	GlobalSection(ProjectConfigurationPlatforms) = postSolution
		{FC6F24EB-30C0-412C-A4CB-4F068CE668C8}.Debug|Any CPU.ActiveCfg = Debug|Any CPU
		{FC6F24EB-30C0-412C-A4CB-4F068CE668C8}.Debug|Any CPU.Build.0 = Debug|Any CPU
		{FC6F24EB-30C0-412C-A4CB-4F068CE668C8}.Release|Any CPU.ActiveCfg = Release|Any CPU
		{FC6F24EB-30C0-412C-A4CB-4F068CE668C8}.Release|Any CPU.Build.0 = Release|Any CPU
	EndGlobalSection
	GlobalSection(SolutionProperties) = preSolution
		HideSolutionNode = FALSE
	EndGlobalSection
	GlobalSection(ExtensibilityGlobals) = postSolution
		SolutionGuid = {EE802EEB-ABA2-46CC-9C91-228326DAC312}
	EndGlobalSection
EndGlobal
